
Microsoft Visual Studio Solution File, Format Version 12.00
# Visual Studio Version 17
VisualStudioVersion = 17.2.32505.173
MinimumVisualStudioVersion = 10.0.40219.1
Project("{9A19103F-16F7-4668-BE54-9A1E7A4F7556}") = "DataAccess", "DataAccess\DataAccess.csproj", "{B3E932AA-33C7-4959-9362-E8E0158A62ED}"
EndProject
Project("{9A19103F-16F7-4668-BE54-9A1E7A4F7556}") = "BusinessObject", "BusinessObject\BusinessObject.csproj", "{2C05524F-6B8C-476F-8DD1-3752BB1476F8}"
EndProject
Project("{FAE04EC0-301F-11D3-BF4B-00C04F79EFBC}") = "eStore", "eStore\eStore.csproj", "{1DF59F49-F98B-4696-8C3F-498F45A2F762}"
EndProject
Project("{2150E333-8FDC-42A3-9474-1A3956D46DE8}") = "1.Presentation Layer", "1.Presentation Layer", "{DB02841C-C62B-46DF-8381-394C2A976D1E}"
EndProject
Project("{2150E333-8FDC-42A3-9474-1A3956D46DE8}") = "2.Business Layer", "2.Business Layer", "{9AAAD7D5-34B1-4B5E-93AA-50C5F0127384}"
EndProject
Project("{2150E333-8FDC-42A3-9474-1A3956D46DE8}") = "3.Data Layer", "3.Data Layer", "{B2BC50F1-9009-4F0F-84E0-EFD0F7834F8E}"
EndProject
Global
	GlobalSection(SolutionConfigurationPlatforms) = preSolution
		Debug|Any CPU = Debug|Any CPU
		Release|Any CPU = Release|Any CPU
	EndGlobalSection
	GlobalSection(ProjectConfigurationPlatforms) = postSolution
		{B3E932AA-33C7-4959-9362-E8E0158A62ED}.Debug|Any CPU.ActiveCfg = Debug|Any CPU
		{B3E932AA-33C7-4959-9362-E8E0158A62ED}.Debug|Any CPU.Build.0 = Debug|Any CPU
		{B3E932AA-33C7-4959-9362-E8E0158A62ED}.Release|Any CPU.ActiveCfg = Release|Any CPU
		{B3E932AA-33C7-4959-9362-E8E0158A62ED}.Release|Any CPU.Build.0 = Release|Any CPU
		{2C05524F-6B8C-476F-8DD1-3752BB1476F8}.Debug|Any CPU.ActiveCfg = Debug|Any CPU
		{2C05524F-6B8C-476F-8DD1-3752BB1476F8}.Debug|Any CPU.Build.0 = Debug|Any CPU
		{2C05524F-6B8C-476F-8DD1-3752BB1476F8}.Release|Any CPU.ActiveCfg = Release|Any CPU
		{2C05524F-6B8C-476F-8DD1-3752BB1476F8}.Release|Any CPU.Build.0 = Release|Any CPU
		{1DF59F49-F98B-4696-8C3F-498F45A2F762}.Debug|Any CPU.ActiveCfg = Debug|Any CPU
		{1DF59F49-F98B-4696-8C3F-498F45A2F762}.Debug|Any CPU.Build.0 = Debug|Any CPU
		{1DF59F49-F98B-4696-8C3F-498F45A2F762}.Release|Any CPU.ActiveCfg = Release|Any CPU
		{1DF59F49-F98B-4696-8C3F-498F45A2F762}.Release|Any CPU.Build.0 = Release|Any CPU
	EndGlobalSection
	GlobalSection(SolutionProperties) = preSolution
		HideSolutionNode = FALSE
	EndGlobalSection
	GlobalSection(NestedProjects) = preSolution
		{B3E932AA-33C7-4959-9362-E8E0158A62ED} = {B2BC50F1-9009-4F0F-84E0-EFD0F7834F8E}
		{2C05524F-6B8C-476F-8DD1-3752BB1476F8} = {9AAAD7D5-34B1-4B5E-93AA-50C5F0127384}
		{1DF59F49-F98B-4696-8C3F-498F45A2F762} = {DB02841C-C62B-46DF-8381-394C2A976D1E}
	EndGlobalSection
	GlobalSection(ExtensibilityGlobals) = postSolution
		SolutionGuid = {B14CF0D0-FCFB-493F-9FFB-6E16ABD9FED4}
	EndGlobalSection
EndGlobal
